// !$*UTF8*$!
{
	archiveVersion = 1;
	classes = {
	};
	objectVersion = 48;
	objects = {

/* Begin PBXBuildFile section */
		C302C78120DAD218004C6695 /* AppDelegate.swift in Sources */ = {isa = PBXBuildFile; fileRef = C302C78020DAD218004C6695 /* AppDelegate.swift */; };
		C302C78320DAD218004C6695 /* ViewController.swift in Sources */ = {isa = PBXBuildFile; fileRef = C302C78220DAD218004C6695 /* ViewController.swift */; };
		C302C78620DAD218004C6695 /* Main.storyboard in Resources */ = {isa = PBXBuildFile; fileRef = C302C78420DAD218004C6695 /* Main.storyboard */; };
		C302C78820DAD218004C6695 /* Assets.xcassets in Resources */ = {isa = PBXBuildFile; fileRef = C302C78720DAD218004C6695 /* Assets.xcassets */; };
		C302C78B20DAD218004C6695 /* LaunchScreen.storyboard in Resources */ = {isa = PBXBuildFile; fileRef = C302C78920DAD218004C6695 /* LaunchScreen.storyboard */; };
		C302C79620DAD218004C6695 /* Dice_AnimationTests.swift in Sources */ = {isa = PBXBuildFile; fileRef = C302C79520DAD218004C6695 /* Dice_AnimationTests.swift */; };
		C302C7A120DAD218004C6695 /* Dice_AnimationUITests.swift in Sources */ = {isa = PBXBuildFile; fileRef = C302C7A020DAD218004C6695 /* Dice_AnimationUITests.swift */; };
/* End PBXBuildFile section */

/* Begin PBXContainerItemProxy section */
		C302C79220DAD218004C6695 /* PBXContainerItemProxy */ = {
			isa = PBXContainerItemProxy;
			containerPortal = C302C77520DAD218004C6695 /* Project object */;
			proxyType = 1;
			remoteGlobalIDString = C302C77C20DAD218004C6695;
			remoteInfo = "Dice Animation";
		};
		C302C79D20DAD218004C6695 /* PBXContainerItemProxy */ = {
			isa = PBXContainerItemProxy;
			containerPortal = C302C77520DAD218004C6695 /* Project object */;
			proxyType = 1;
			remoteGlobalIDString = C302C77C20DAD218004C6695;
			remoteInfo = "Dice Animation";
		};
/* End PBXContainerItemProxy section */

/* Begin PBXFileReference section */
		C302C77D20DAD218004C6695 /* Dice Animation.app */ = {isa = PBXFileReference; explicitFileType = wrapper.application; includeInIndex = 0; path = "Dice Animation.app"; sourceTree = BUILT_PRODUCTS_DIR; };
		C302C78020DAD218004C6695 /* AppDelegate.swift */ = {isa = PBXFileReference; lastKnownFileType = sourcecode.swift; path = AppDelegate.swift; sourceTree = "<group>"; };
		C302C78220DAD218004C6695 /* ViewController.swift */ = {isa = PBXFileReference; lastKnownFileType = sourcecode.swift; path = ViewController.swift; sourceTree = "<group>"; };
		C302C78520DAD218004C6695 /* Base */ = {isa = PBXFileReference; lastKnownFileType = file.storyboard; name = Base; path = Base.lproj/Main.storyboard; sourceTree = "<group>"; };
		C302C78720DAD218004C6695 /* Assets.xcassets */ = {isa = PBXFileReference; lastKnownFileType = folder.assetcatalog; path = Assets.xcassets; sourceTree = "<group>"; };
		C302C78A20DAD218004C6695 /* Base */ = {isa = PBXFileReference; lastKnownFileType = file.storyboard; name = Base; path = Base.lproj/LaunchScreen.storyboard; sourceTree = "<group>"; };
		C302C78C20DAD218004C6695 /* Info.plist */ = {isa = PBXFileReference; lastKnownFileType = text.plist.xml; path = Info.plist; sourceTree = "<group>"; };
		C302C79120DAD218004C6695 /* Dice AnimationTests.xctest */ = {isa = PBXFileReference; explicitFileType = wrapper.cfbundle; includeInIndex = 0; path = "Dice AnimationTests.xctest"; sourceTree = BUILT_PRODUCTS_DIR; };
		C302C79520DAD218004C6695 /* Dice_AnimationTests.swift */ = {isa = PBXFileReference; lastKnownFileType = sourcecode.swift; path = Dice_AnimationTests.swift; sourceTree = "<group>"; };
		C302C79720DAD218004C6695 /* Info.plist */ = {isa = PBXFileReference; lastKnownFileType = text.plist.xml; path = Info.plist; sourceTree = "<group>"; };
		C302C79C20DAD218004C6695 /* Dice AnimationUITests.xctest */ = {isa = PBXFileReference; explicitFileType = wrapper.cfbundle; includeInIndex = 0; path = "Dice AnimationUITests.xctest"; sourceTree = BUILT_PRODUCTS_DIR; };
		C302C7A020DAD218004C6695 /* Dice_AnimationUITests.swift */ = {isa = PBXFileReference; lastKnownFileType = sourcecode.swift; path = Dice_AnimationUITests.swift; sourceTree = "<group>"; };
		C302C7A220DAD218004C6695 /* Info.plist */ = {isa = PBXFileReference; lastKnownFileType = text.plist.xml; path = Info.plist; sourceTree = "<group>"; };
/* End PBXFileReference section */

/* Begin PBXFrameworksBuildPhase section */
		C302C77A20DAD218004C6695 /* Frameworks */ = {
			isa = PBXFrameworksBuildPhase;
			buildActionMask = 2147483647;
			files = (
			);
			runOnlyForDeploymentPostprocessing = 0;
		};
		C302C78E20DAD218004C6695 /* Frameworks */ = {
			isa = PBXFrameworksBuildPhase;
			buildActionMask = 2147483647;
			files = (
			);
			runOnlyForDeploymentPostprocessing = 0;
		};
		C302C79920DAD218004C6695 /* Frameworks */ = {
			isa = PBXFrameworksBuildPhase;
			buildActionMask = 2147483647;
			files = (
			);
			runOnlyForDeploymentPostprocessing = 0;
		};
/* End PBXFrameworksBuildPhase section */

/* Begin PBXGroup section */
		C302C77420DAD218004C6695 = {
			isa = PBXGroup;
			children = (
				C302C77F20DAD218004C6695 /* Dice Animation */,
				C302C79420DAD218004C6695 /* Dice AnimationTests */,
				C302C79F20DAD218004C6695 /* Dice AnimationUITests */,
				C302C77E20DAD218004C6695 /* Products */,
			);
			sourceTree = "<group>";
		};
		C302C77E20DAD218004C6695 /* Products */ = {
			isa = PBXGroup;
			children = (
				C302C77D20DAD218004C6695 /* Dice Animation.app */,
				C302C79120DAD218004C6695 /* Dice AnimationTests.xctest */,
				C302C79C20DAD218004C6695 /* Dice AnimationUITests.xctest */,
			);
			name = Products;
			sourceTree = "<group>";
		};
		C302C77F20DAD218004C6695 /* Dice Animation */ = {
			isa = PBXGroup;
			children = (
				C302C78020DAD218004C6695 /* AppDelegate.swift */,
				C302C78220DAD218004C6695 /* ViewController.swift */,
				C302C78420DAD218004C6695 /* Main.storyboard */,
				C302C78720DAD218004C6695 /* Assets.xcassets */,
				C302C78920DAD218004C6695 /* LaunchScreen.storyboard */,
				C302C78C20DAD218004C6695 /* Info.plist */,
			);
			path = "Dice Animation";
			sourceTree = "<group>";
		};
		C302C79420DAD218004C6695 /* Dice AnimationTests */ = {
			isa = PBXGroup;
			children = (
				C302C79520DAD218004C6695 /* Dice_AnimationTests.swift */,
				C302C79720DAD218004C6695 /* Info.plist */,
			);
			path = "Dice AnimationTests";
			sourceTree = "<group>";
		};
		C302C79F20DAD218004C6695 /* Dice AnimationUITests */ = {
			isa = PBXGroup;
			children = (
				C302C7A020DAD218004C6695 /* Dice_AnimationUITests.swift */,
				C302C7A220DAD218004C6695 /* Info.plist */,
			);
			path = "Dice AnimationUITests";
			sourceTree = "<group>";
		};
/* End PBXGroup section */

/* Begin PBXNativeTarget section */
		C302C77C20DAD218004C6695 /* Dice Animation */ = {
			isa = PBXNativeTarget;
			buildConfigurationList = C302C7A520DAD218004C6695 /* Build configuration list for PBXNativeTarget "Dice Animation" */;
			buildPhases = (
				C302C77920DAD218004C6695 /* Sources */,
				C302C77A20DAD218004C6695 /* Frameworks */,
				C302C77B20DAD218004C6695 /* Resources */,
			);
			buildRules = (
			);
			dependencies = (
			);
			name = "Dice Animation";
			productName = "Dice Animation";
			productReference = C302C77D20DAD218004C6695 /* Dice Animation.app */;
			productType = "com.apple.product-type.application";
		};
		C302C79020DAD218004C6695 /* Dice AnimationTests */ = {
			isa = PBXNativeTarget;
			buildConfigurationList = C302C7A820DAD218004C6695 /* Build configuration list for PBXNativeTarget "Dice AnimationTests" */;
			buildPhases = (
				C302C78D20DAD218004C6695 /* Sources */,
				C302C78E20DAD218004C6695 /* Frameworks */,
				C302C78F20DAD218004C6695 /* Resources */,
			);
			buildRules = (
			);
			dependencies = (
				C302C79320DAD218004C6695 /* PBXTargetDependency */,
			);
			name = "Dice AnimationTests";
			productName = "Dice AnimationTests";
			productReference = C302C79120DAD218004C6695 /* Dice AnimationTests.xctest */;
			productType = "com.apple.product-type.bundle.unit-test";
		};
		C302C79B20DAD218004C6695 /* Dice AnimationUITests */ = {
			isa = PBXNativeTarget;
			buildConfigurationList = C302C7AB20DAD218004C6695 /* Build configuration list for PBXNativeTarget "Dice AnimationUITests" */;
			buildPhases = (
				C302C79820DAD218004C6695 /* Sources */,
				C302C79920DAD218004C6695 /* Frameworks */,
				C302C79A20DAD218004C6695 /* Resources */,
			);
			buildRules = (
			);
			dependencies = (
				C302C79E20DAD218004C6695 /* PBXTargetDependency */,
			);
			name = "Dice AnimationUITests";
			productName = "Dice AnimationUITests";
			productReference = C302C79C20DAD218004C6695 /* Dice AnimationUITests.xctest */;
			productType = "com.apple.product-type.bundle.ui-testing";
		};
/* End PBXNativeTarget section */

/* Begin PBXProject section */
		C302C77520DAD218004C6695 /* Project object */ = {
			isa = PBXProject;
			attributes = {
				LastSwiftUpdateCheck = 0920;
				LastUpgradeCheck = 0920;
				ORGANIZATIONNAME = Administrator;
				TargetAttributes = {
					C302C77C20DAD218004C6695 = {
						CreatedOnToolsVersion = 9.2;
						ProvisioningStyle = Automatic;
					};
					C302C79020DAD218004C6695 = {
						CreatedOnToolsVersion = 9.2;
						ProvisioningStyle = Automatic;
						TestTargetID = C302C77C20DAD218004C6695;
					};
					C302C79B20DAD218004C6695 = {
						CreatedOnToolsVersion = 9.2;
						ProvisioningStyle = Automatic;
						TestTargetID = C302C77C20DAD218004C6695;
					};
				};
			};
			buildConfigurationList = C302C77820DAD218004C6695 /* Build configuration list for PBXProject "Dice Animation" */;
			compatibilityVersion = "Xcode 8.0";
			developmentRegion = en;
			hasScannedForEncodings = 0;
			knownRegions = (
				en,
				Base,
			);
			mainGroup = C302C77420DAD218004C6695;
			productRefGroup = C302C77E20DAD218004C6695 /* Products */;
			projectDirPath = "";
			projectRoot = "";
			targets = (
				C302C77C20DAD218004C6695 /* Dice Animation */,
				C302C79020DAD218004C6695 /* Dice AnimationTests */,
				C302C79B20DAD218004C6695 /* Dice AnimationUITests */,
			);
		};
/* End PBXProject section */

/* Begin PBXResourcesBuildPhase section */
		C302C77B20DAD218004C6695 /* Resources */ = {
			isa = PBXResourcesBuildPhase;
			buildActionMask = 2147483647;
			files = (
				C302C78B20DAD218004C6695 /* LaunchScreen.storyboard in Resources */,
				C302C78820DAD218004C6695 /* Assets.xcassets in Resources */,
				C302C78620DAD218004C6695 /* Main.storyboard in Resources */,
			);
			runOnlyForDeploymentPostprocessing = 0;
		};
		C302C78F20DAD218004C6695 /* Resources */ = {
			isa = PBXResourcesBuildPhase;
			buildActionMask = 2147483647;
			files = (
			);
			runOnlyForDeploymentPostprocessing = 0;
		};
		C302C79A20DAD218004C6695 /* Resources */ = {
			isa = PBXResourcesBuildPhase;
			buildActionMask = 2147483647;
			files = (
			);
			runOnlyForDeploymentPostprocessing = 0;
		};
/* End PBXResourcesBuildPhase section */

/* Begin PBXSourcesBuildPhase section */
		C302C77920DAD218004C6695 /* Sources */ = {
			isa = PBXSourcesBuildPhase;
			buildActionMask = 2147483647;
			files = (
				C302C78320DAD218004C6695 /* ViewController.swift in Sources */,
				C302C78120DAD218004C6695 /* AppDelegate.swift in Sources */,
			);
			runOnlyForDeploymentPostprocessing = 0;
		};
		C302C78D20DAD218004C6695 /* Sources */ = {
			isa = PBXSourcesBuildPhase;
			buildActionMask = 2147483647;
			files = (
				C302C79620DAD218004C6695 /* Dice_AnimationTests.swift in Sources */,
			);
			runOnlyForDeploymentPostprocessing = 0;
		};
		C302C79820DAD218004C6695 /* Sources */ = {
			isa = PBXSourcesBuildPhase;
			buildActionMask = 2147483647;
			files = (
				C302C7A120DAD218004C6695 /* Dice_AnimationUITests.swift in Sources */,
			);
			runOnlyForDeploymentPostprocessing = 0;
		};
/* End PBXSourcesBuildPhase section */

/* Begin PBXTargetDependency section */
		C302C79320DAD218004C6695 /* PBXTargetDependency */ = {
			isa = PBXTargetDependency;
			target = C302C77C20DAD218004C6695 /* Dice Animation */;
			targetProxy = C302C79220DAD218004C6695 /* PBXContainerItemProxy */;
		};
		C302C79E20DAD218004C6695 /* PBXTargetDependency */ = {
			isa = PBXTargetDependency;
			target = C302C77C20DAD218004C6695 /* Dice Animation */;
			targetProxy = C302C79D20DAD218004C6695 /* PBXContainerItemProxy */;
		};
/* End PBXTargetDependency section */

/* Begin PBXVariantGroup section */
		C302C78420DAD218004C6695 /* Main.storyboard */ = {
			isa = PBXVariantGroup;
			children = (
				C302C78520DAD218004C6695 /* Base */,
			);
			name = Main.storyboard;
			sourceTree = "<group>";
		};
		C302C78920DAD218004C6695 /* LaunchScreen.storyboard */ = {
			isa = PBXVariantGroup;
			children = (
				C302C78A20DAD218004C6695 /* Base */,
			);
			name = LaunchScreen.storyboard;
			sourceTree = "<group>";
		};
/* End PBXVariantGroup section */

/* Begin XCBuildConfiguration section */
		C302C7A320DAD218004C6695 /* Debug */ = {
			isa = XCBuildConfiguration;
			buildSettings = {
				ALWAYS_SEARCH_USER_PATHS = NO;
				CLANG_ANALYZER_NONNULL = YES;
				CLANG_ANALYZER_NUMBER_OBJECT_CONVERSION = YES_AGGRESSIVE;
				CLANG_CXX_LANGUAGE_STANDARD = "gnu++14";
				CLANG_CXX_LIBRARY = "libc++";
				CLANG_ENABLE_MODULES = YES;
				CLANG_ENABLE_OBJC_ARC = YES;
				CLANG_WARN_BLOCK_CAPTURE_AUTORELEASING = YES;
				CLANG_WARN_BOOL_CONVERSION = YES;
				CLANG_WARN_COMMA = YES;
				CLANG_WARN_CONSTANT_CONVERSION = YES;
				CLANG_WARN_DIRECT_OBJC_ISA_USAGE = YES_ERROR;
				CLANG_WARN_DOCUMENTATION_COMMENTS = YES;
				CLANG_WARN_EMPTY_BODY = YES;
				CLANG_WARN_ENUM_CONVERSION = YES;
				CLANG_WARN_INFINITE_RECURSION = YES;
				CLANG_WARN_INT_CONVERSION = YES;
				CLANG_WARN_NON_LITERAL_NULL_CONVERSION = YES;
				CLANG_WARN_OBJC_LITERAL_CONVERSION = YES;
				CLANG_WARN_OBJC_ROOT_CLASS = YES_ERROR;
				CLANG_WARN_RANGE_LOOP_ANALYSIS = YES;
				CLANG_WARN_STRICT_PROTOTYPES = YES;
				CLANG_WARN_SUSPICIOUS_MOVE = YES;
				CLANG_WARN_UNGUARDED_AVAILABILITY = YES_AGGRESSIVE;
				CLANG_WARN_UNREACHABLE_CODE = YES;
				CLANG_WARN__DUPLICATE_METHOD_MATCH = YES;
				CODE_SIGN_IDENTITY = "iPhone Developer";
				COPY_PHASE_STRIP = NO;
				DEBUG_INFORMATION_FORMAT = dwarf;
				ENABLE_STRICT_OBJC_MSGSEND = YES;
				ENABLE_TESTABILITY = YES;
				GCC_C_LANGUAGE_STANDARD = gnu11;
				GCC_DYNAMIC_NO_PIC = NO;
				GCC_NO_COMMON_BLOCKS = YES;
				GCC_OPTIMIZATION_LEVEL = 0;
				GCC_PREPROCESSOR_DEFINITIONS = (
					"DEBUG=1",
					"$(inherited)",
				);
				GCC_WARN_64_TO_32_BIT_CONVERSION = YES;
				GCC_WARN_ABOUT_RETURN_TYPE = YES_ERROR;
				GCC_WARN_UNDECLARED_SELECTOR = YES;
				GCC_WARN_UNINITIALIZED_AUTOS = YES_AGGRESSIVE;
				GCC_WARN_UNUSED_FUNCTION = YES;
				GCC_WARN_UNUSED_VARIABLE = YES;
				IPHONEOS_DEPLOYMENT_TARGET = 11.2;
				MTL_ENABLE_DEBUG_INFO = YES;
				ONLY_ACTIVE_ARCH = YES;
				SDKROOT = iphoneos;
				SWIFT_ACTIVE_COMPILATION_CONDITIONS = DEBUG;
				SWIFT_OPTIMIZATION_LEVEL = "-Onone";
			};
			name = Debug;
		};
		C302C7A420DAD218004C6695 /* Release */ = {
			isa = XCBuildConfiguration;
			buildSettings = {
				ALWAYS_SEARCH_USER_PATHS = NO;
				CLANG_ANALYZER_NONNULL = YES;
				CLANG_ANALYZER_NUMBER_OBJECT_CONVERSION = YES_AGGRESSIVE;
				CLANG_CXX_LANGUAGE_STANDARD = "gnu++14";
				CLANG_CXX_LIBRARY = "libc++";
				CLANG_ENABLE_MODULES = YES;
				CLANG_ENABLE_OBJC_ARC = YES;
				CLANG_WARN_BLOCK_CAPTURE_AUTORELEASING = YES;
				CLANG_WARN_BOOL_CONVERSION = YES;
				CLANG_WARN_COMMA = YES;
				CLANG_WARN_CONSTANT_CONVERSION = YES;
				CLANG_WARN_DIRECT_OBJC_ISA_USAGE = YES_ERROR;
				CLANG_WARN_DOCUMENTATION_COMMENTS = YES;
				CLANG_WARN_EMPTY_BODY = YES;
				CLANG_WARN_ENUM_CONVERSION = YES;
				CLANG_WARN_INFINITE_RECURSION = YES;
				CLANG_WARN_INT_CONVERSION = YES;
				CLANG_WARN_NON_LITERAL_NULL_CONVERSION = YES;
				CLANG_WARN_OBJC_LITERAL_CONVERSION = YES;
				CLANG_WARN_OBJC_ROOT_CLASS = YES_ERROR;
				CLANG_WARN_RANGE_LOOP_ANALYSIS = YES;
				CLANG_WARN_STRICT_PROTOTYPES = YES;
				CLANG_WARN_SUSPICIOUS_MOVE = YES;
				CLANG_WARN_UNGUARDED_AVAILABILITY = YES_AGGRESSIVE;
				CLANG_WARN_UNREACHABLE_CODE = YES;
				CLANG_WARN__DUPLICATE_METHOD_MATCH = YES;
				CODE_SIGN_IDENTITY = "iPhone Developer";
				COPY_PHASE_STRIP = NO;
				DEBUG_INFORMATION_FORMAT = "dwarf-with-dsym";
				ENABLE_NS_ASSERTIONS = NO;
				ENABLE_STRICT_OBJC_MSGSEND = YES;
				GCC_C_LANGUAGE_STANDARD = gnu11;
				GCC_NO_COMMON_BLOCKS = YES;
				GCC_WARN_64_TO_32_BIT_CONVERSION = YES;
				GCC_WARN_ABOUT_RETURN_TYPE = YES_ERROR;
				GCC_WARN_UNDECLARED_SELECTOR = YES;
				GCC_WARN_UNINITIALIZED_AUTOS = YES_AGGRESSIVE;
				GCC_WARN_UNUSED_FUNCTION = YES;
				GCC_WARN_UNUSED_VARIABLE = YES;
				IPHONEOS_DEPLOYMENT_TARGET = 11.2;
				MTL_ENABLE_DEBUG_INFO = NO;
				SDKROOT = iphoneos;
				SWIFT_OPTIMIZATION_LEVEL = "-Owholemodule";
				VALIDATE_PRODUCT = YES;
			};
			name = Release;
		};
		C302C7A620DAD218004C6695 /* Debug */ = {
			isa = XCBuildConfiguration;
			buildSettings = {
				ASSETCATALOG_COMPILER_APPICON_NAME = AppIcon;
				CODE_SIGN_STYLE = Automatic;
				DEVELOPMENT_TEAM = R6V3BT885K;
				INFOPLIST_FILE = "Dice Animation/Info.plist";
				IPHONEOS_DEPLOYMENT_TARGET = 10.3;
				LD_RUNPATH_SEARCH_PATHS = "$(inherited) @executable_path/Frameworks";
				PRODUCT_BUNDLE_IDENTIFIER = "com.mlundy.Dice-Animation";
				PRODUCT_NAME = "$(TARGET_NAME)";
				SWIFT_VERSION = 4.0;
				TARGETED_DEVICE_FAMILY = "1,2";
			};
			name = Debug;
		};
		C302C7A720DAD218004C6695 /* Release */ = {
			isa = XCBuildConfiguration;
			buildSettings = {
				ASSETCATALOG_COMPILER_APPICON_NAME = AppIcon;
				CODE_SIGN_STYLE = Automatic;
				DEVELOPMENT_TEAM = R6V3BT885K;
				INFOPLIST_FILE = "Dice Animation/Info.plist";
				IPHONEOS_DEPLOYMENT_TARGET = 10.3;
				LD_RUNPATH_SEARCH_PATHS = "$(inherited) @executable_path/Frameworks";
				PRODUCT_BUNDLE_IDENTIFIER = "com.mlundy.Dice-Animation";
				PRODUCT_NAME = "$(TARGET_NAME)";
				SWIFT_VERSION = 4.0;
				TARGETED_DEVICE_FAMILY = "1,2";
			};
			name = Release;
		};
		C302C7A920DAD218004C6695 /* Debug */ = {
			isa = XCBuildConfiguration;
			buildSettings = {
				ALWAYS_EMBED_SWIFT_STANDARD_LIBRARIES = YES;
				BUNDLE_LOADER = "$(TEST_HOST)";
				CODE_SIGN_STYLE = Automatic;
				DEVELOPMENT_TEAM = R6V3BT885K;
				INFOPLIST_FILE = "Dice AnimationTests/Info.plist";
				LD_RUNPATH_SEARCH_PATHS = "$(inherited) @executable_path/Frameworks @loader_path/Frameworks";
				PRODUCT_BUNDLE_IDENTIFIER = "com.mlundy.Dice-AnimationTests";
				PRODUCT_NAME = "$(TARGET_NAME)";
				SWIFT_VERSION = 4.0;
				TARGETED_DEVICE_FAMILY = "1,2";
				TEST_HOST = "$(BUILT_PRODUCTS_DIR)/Dice Animation.app/Dice Animation";
			};
			name = Debug;
		};
		C302C7AA20DAD218004C6695 /* Release */ = {
			isa = XCBuildConfiguration;
			buildSettings = {
				ALWAYS_EMBED_SWIFT_STANDARD_LIBRARIES = YES;
				BUNDLE_LOADER = "$(TEST_HOST)";
				CODE_SIGN_STYLE = Automatic;
				DEVELOPMENT_TEAM = R6V3BT885K;
				INFOPLIST_FILE = "Dice AnimationTests/Info.plist";
				LD_RUNPATH_SEARCH_PATHS = "$(inherited) @executable_path/Frameworks @loader_path/Frameworks";
				PRODUCT_BUNDLE_IDENTIFIER = "com.mlundy.Dice-AnimationTests";
				PRODUCT_NAME = "$(TARGET_NAME)";
				SWIFT_VERSION = 4.0;
				TARGETED_DEVICE_FAMILY = "1,2";
				TEST_HOST = "$(BUILT_PRODUCTS_DIR)/Dice Animation.app/Dice Animation";
			};
			name = Release;
		};
		C302C7AC20DAD218004C6695 /* Debug */ = {
			isa = XCBuildConfiguration;
			buildSettings = {
				ALWAYS_EMBED_SWIFT_STANDARD_LIBRARIES = YES;
				CODE_SIGN_STYLE = Automatic;
				DEVELOPMENT_TEAM = R6V3BT885K;
				INFOPLIST_FILE = "Dice AnimationUITests/Info.plist";
				LD_RUNPATH_SEARCH_PATHS = "$(inherited) @executable_path/Frameworks @loader_path/Frameworks";
				PRODUCT_BUNDLE_IDENTIFIER = "com.mlundy.Dice-AnimationUITests";
				PRODUCT_NAME = "$(TARGET_NAME)";
				SWIFT_VERSION = 4.0;
				TARGETED_DEVICE_FAMILY = "1,2";
				TEST_TARGET_NAME = "Dice Animation";
			};
			name = Debug;
		};
		C302C7AD20DAD218004C6695 /* Release */ = {
			isa = XCBuildConfiguration;
			buildSettings = {
				ALWAYS_EMBED_SWIFT_STANDARD_LIBRARIES = YES;
				CODE_SIGN_STYLE = Automatic;
				DEVELOPMENT_TEAM = R6V3BT885K;
				INFOPLIST_FILE = "Dice AnimationUITests/Info.plist";
				LD_RUNPATH_SEARCH_PATHS = "$(inherited) @executable_path/Frameworks @loader_path/Frameworks";
				PRODUCT_BUNDLE_IDENTIFIER = "com.mlundy.Dice-AnimationUITests";
				PRODUCT_NAME = "$(TARGET_NAME)";
				SWIFT_VERSION = 4.0;
				TARGETED_DEVICE_FAMILY = "1,2";
				TEST_TARGET_NAME = "Dice Animation";
			};
			name = Release;
		};
/* End XCBuildConfiguration section */

/* Begin XCConfigurationList section */
		C302C77820DAD218004C6695 /* Build configuration list for PBXProject "Dice Animation" */ = {
			isa = XCConfigurationList;
			buildConfigurations = (
				C302C7A320DAD218004C6695 /* Debug */,
				C302C7A420DAD218004C6695 /* Release */,
			);
			defaultConfigurationIsVisible = 0;
			defaultConfigurationName = Release;
		};
		C302C7A520DAD218004C6695 /* Build configuration list for PBXNativeTarget "Dice Animation" */ = {
			isa = XCConfigurationList;
			buildConfigurations = (
				C302C7A620DAD218004C6695 /* Debug */,
				C302C7A720DAD218004C6695 /* Release */,
			);
			defaultConfigurationIsVisible = 0;
			defaultConfigurationName = Release;
		};
		C302C7A820DAD218004C6695 /* Build configuration list for PBXNativeTarget "Dice AnimationTests" */ = {
			isa = XCConfigurationList;
			buildConfigurations = (
				C302C7A920DAD218004C6695 /* Debug */,
				C302C7AA20DAD218004C6695 /* Release */,
			);
			defaultConfigurationIsVisible = 0;
			defaultConfigurationName = Release;
		};
		C302C7AB20DAD218004C6695 /* Build configuration list for PBXNativeTarget "Dice AnimationUITests" */ = {
			isa = XCConfigurationList;
			buildConfigurations = (
				C302C7AC20DAD218004C6695 /* Debug */,
				C302C7AD20DAD218004C6695 /* Release */,
			);
			defaultConfigurationIsVisible = 0;
			defaultConfigurationName = Release;
		};
/* End XCConfigurationList section */
	};
	rootObject = C302C77520DAD218004C6695 /* Project object */;
}
